
Microsoft Visual Studio Solution File, Format Version 12.00
# Visual Studio Version 17
VisualStudioVersion = 17.9.34728.123
MinimumVisualStudioVersion = 10.0.40219.1
Project("{FAE04EC0-301F-11D3-BF4B-00C04F79EFBC}") = "HomeWork4_10_2", "HomeWork4_10_2\HomeWork4_10_2.csproj", "{525077A6-E792-4EBB-A5C1-7E7F485F8904}"
EndProject
Global
	GlobalSection(SolutionConfigurationPlatforms) = preSolution
		Debug|Any CPU = Debug|Any CPU
		Release|Any CPU = Release|Any CPU
	EndGlobalSection
	GlobalSection(ProjectConfigurationPlatforms) = postSolution
		{525077A6-E792-4EBB-A5C1-7E7F485F8904}.Debug|Any CPU.ActiveCfg = Debug|Any CPU
		{525077A6-E792-4EBB-A5C1-7E7F485F8904}.Debug|Any CPU.Build.0 = Debug|Any CPU
		{525077A6-E792-4EBB-A5C1-7E7F485F8904}.Release|Any CPU.ActiveCfg = Release|Any CPU
		{525077A6-E792-4EBB-A5C1-7E7F485F8904}.Release|Any CPU.Build.0 = Release|Any CPU
	EndGlobalSection
	GlobalSection(SolutionProperties) = preSolution
		HideSolutionNode = FALSE
	EndGlobalSection
	GlobalSection(ExtensibilityGlobals) = postSolution
		SolutionGuid = {CD8683BD-2A3A-495B-926B-D256D155C4E6}
	EndGlobalSection
EndGlobal
